
Microsoft Visual Studio Solution File, Format Version 12.00
# Visual Studio Version 17
VisualStudioVersion = 17.7.34003.232
MinimumVisualStudioVersion = 10.0.40219.1
Project("{FAE04EC0-301F-11D3-BF4B-00C04F79EFBC}") = "WebApi", "WebApi\WebApi.csproj", "{F09F5D5A-612B-486C-8D35-DF9588590F50}"
EndProject
Global
	GlobalSection(SolutionConfigurationPlatforms) = preSolution
		Debug|Any CPU = Debug|Any CPU
		Release|Any CPU = Release|Any CPU
	EndGlobalSection
	GlobalSection(ProjectConfigurationPlatforms) = postSolution
		{F09F5D5A-612B-486C-8D35-DF9588590F50}.Debug|Any CPU.ActiveCfg = Debug|Any CPU
		{F09F5D5A-612B-486C-8D35-DF9588590F50}.Debug|Any CPU.Build.0 = Debug|Any CPU
		{F09F5D5A-612B-486C-8D35-DF9588590F50}.Release|Any CPU.ActiveCfg = Release|Any CPU
		{F09F5D5A-612B-486C-8D35-DF9588590F50}.Release|Any CPU.Build.0 = Release|Any CPU
	EndGlobalSection
	GlobalSection(SolutionProperties) = preSolution
		HideSolutionNode = FALSE
	EndGlobalSection
	GlobalSection(ExtensibilityGlobals) = postSolution
		SolutionGuid = {B94A41EB-9DBA-4593-BAB8-DF6532EF94D2}
	EndGlobalSection
EndGlobal
